Microsoft Visual Studio Solution File, Format Version 8.00
Project("{FAE04EC0-301F-11D3-BF4B-00C04F79EFBC}") = "Knowledge", "Knowledge\Knowledge.csproj", "{22EC1E0B-90F6-4360-8FEB-C1A69A570952}"
	ProjectSection(ProjectDependencies) = postProject
	EndProjectSection
EndProject
Global
	GlobalSection(SolutionConfiguration) = preSolution
		Debug = Debug
		Release = Release
	EndGlobalSection
	GlobalSection(ProjectConfiguration) = postSolution
		{22EC1E0B-90F6-4360-8FEB-C1A69A570952}.Debug.ActiveCfg = Debug|.NET
		{22EC1E0B-90F6-4360-8FEB-C1A69A570952}.Debug.Build.0 = Debug|.NET
		{22EC1E0B-90F6-4360-8FEB-C1A69A570952}.Release.ActiveCfg = Release|.NET
		{22EC1E0B-90F6-4360-8FEB-C1A69A570952}.Release.Build.0 = Release|.NET
	EndGlobalSection
	GlobalSection(ExtensibilityGlobals) = postSolution
	EndGlobalSection
	GlobalSection(ExtensibilityAddIns) = postSolution
	EndGlobalSection
EndGlobal
